// !$*UTF8*$!
{
	archiveVersion = 1;
	classes = {
	};
	objectVersion = 46;
	objects = {

/* Begin PBXBuildFile section */
		BC191EC51CBD4B9000DE2D1E /* RatingControl.swift in Sources */ = {isa = PBXBuildFile; fileRef = BC191EC41CBD4B9000DE2D1E /* RatingControl.swift */; };
		BC539AB31CB60EAC007B1C13 /* AppDelegate.swift in Sources */ = {isa = PBXBuildFile; fileRef = BC539AB21CB60EAC007B1C13 /* AppDelegate.swift */; };
		BC539AB51CB60EAC007B1C13 /* ViewController.swift in Sources */ = {isa = PBXBuildFile; fileRef = BC539AB41CB60EAC007B1C13 /* ViewController.swift */; };
		BC539AB81CB60EAC007B1C13 /* Main.storyboard in Resources */ = {isa = PBXBuildFile; fileRef = BC539AB61CB60EAC007B1C13 /* Main.storyboard */; };
		BC539ABA1CB60EAC007B1C13 /* Assets.xcassets in Resources */ = {isa = PBXBuildFile; fileRef = BC539AB91CB60EAC007B1C13 /* Assets.xcassets */; };
		BC539ABD1CB60EAC007B1C13 /* LaunchScreen.storyboard in Resources */ = {isa = PBXBuildFile; fileRef = BC539ABB1CB60EAC007B1C13 /* LaunchScreen.storyboard */; };
		BC539AC81CB60EAC007B1C13 /* SwiftBasicUITests.swift in Sources */ = {isa = PBXBuildFile; fileRef = BC539AC71CB60EAC007B1C13 /* SwiftBasicUITests.swift */; };
		BC6955F61CBCFA46001C31F5 /* defaultPhoto-temp.png in Resources */ = {isa = PBXBuildFile; fileRef = BC6955F41CBCFA46001C31F5 /* defaultPhoto-temp.png */; };
		BC6955F71CBCFA46001C31F5 /* meal1.png in Resources */ = {isa = PBXBuildFile; fileRef = BC6955F51CBCFA46001C31F5 /* meal1.png */; };
/* End PBXBuildFile section */

/* Begin PBXContainerItemProxy section */
		BC539AC41CB60EAC007B1C13 /* PBXContainerItemProxy */ = {
			isa = PBXContainerItemProxy;
			containerPortal = BC539AA71CB60EAC007B1C13 /* Project object */;
			proxyType = 1;
			remoteGlobalIDString = BC539AAE1CB60EAC007B1C13;
			remoteInfo = SwiftBasicUI;
		};
/* End PBXContainerItemProxy section */

/* Begin PBXFileReference section */
		BC191EC41CBD4B9000DE2D1E /* RatingControl.swift */ = {isa = PBXFileReference; fileEncoding = 4; lastKnownFileType = sourcecode.swift; path = RatingControl.swift; sourceTree = "<group>"; };
		BC539AAF1CB60EAC007B1C13 /* SwiftBasicUI.app */ = {isa = PBXFileReference; explicitFileType = wrapper.application; includeInIndex = 0; path = SwiftBasicUI.app; sourceTree = BUILT_PRODUCTS_DIR; };
		BC539AB21CB60EAC007B1C13 /* AppDelegate.swift */ = {isa = PBXFileReference; lastKnownFileType = sourcecode.swift; path = AppDelegate.swift; sourceTree = "<group>"; };
		BC539AB41CB60EAC007B1C13 /* ViewController.swift */ = {isa = PBXFileReference; lastKnownFileType = sourcecode.swift; path = ViewController.swift; sourceTree = "<group>"; };
		BC539AB71CB60EAC007B1C13 /* Base */ = {isa = PBXFileReference; lastKnownFileType = file.storyboard; name = Base; path = Base.lproj/Main.storyboard; sourceTree = "<group>"; };
		BC539AB91CB60EAC007B1C13 /* Assets.xcassets */ = {isa = PBXFileReference; lastKnownFileType = folder.assetcatalog; path = Assets.xcassets; sourceTree = "<group>"; };
		BC539ABC1CB60EAC007B1C13 /* Base */ = {isa = PBXFileReference; lastKnownFileType = file.storyboard; name = Base; path = Base.lproj/LaunchScreen.storyboard; sourceTree = "<group>"; };
		BC539ABE1CB60EAC007B1C13 /* Info.plist */ = {isa = PBXFileReference; lastKnownFileType = text.plist.xml; path = Info.plist; sourceTree = "<group>"; };
		BC539AC31CB60EAC007B1C13 /* SwiftBasicUITests.xctest */ = {isa = PBXFileReference; explicitFileType = wrapper.cfbundle; includeInIndex = 0; path = SwiftBasicUITests.xctest; sourceTree = BUILT_PRODUCTS_DIR; };
		BC539AC71CB60EAC007B1C13 /* SwiftBasicUITests.swift */ = {isa = PBXFileReference; lastKnownFileType = sourcecode.swift; path = SwiftBasicUITests.swift; sourceTree = "<group>"; };
		BC539AC91CB60EAC007B1C13 /* Info.plist */ = {isa = PBXFileReference; lastKnownFileType = text.plist.xml; path = Info.plist; sourceTree = "<group>"; };
		BC6955F41CBCFA46001C31F5 /* defaultPhoto-temp.png */ = {isa = PBXFileReference; lastKnownFileType = image.png; path = "defaultPhoto-temp.png"; sourceTree = "<group>"; };
		BC6955F51CBCFA46001C31F5 /* meal1.png */ = {isa = PBXFileReference; lastKnownFileType = image.png; path = meal1.png; sourceTree = "<group>"; };
/* End PBXFileReference section */

/* Begin PBXFrameworksBuildPhase section */
		BC539AAC1CB60EAC007B1C13 /* Frameworks */ = {
			isa = PBXFrameworksBuildPhase;
			buildActionMask = 2147483647;
			files = (
			);
			runOnlyForDeploymentPostprocessing = 0;
		};
		BC539AC01CB60EAC007B1C13 /* Frameworks */ = {
			isa = PBXFrameworksBuildPhase;
			buildActionMask = 2147483647;
			files = (
			);
			runOnlyForDeploymentPostprocessing = 0;
		};
/* End PBXFrameworksBuildPhase section */

/* Begin PBXGroup section */
		BC539AA61CB60EAC007B1C13 = {
			isa = PBXGroup;
			children = (
				BC539AB11CB60EAC007B1C13 /* SwiftBasicUI */,
				BC539AC61CB60EAC007B1C13 /* SwiftBasicUITests */,
				BC539AB01CB60EAC007B1C13 /* Products */,
			);
			sourceTree = "<group>";
		};
		BC539AB01CB60EAC007B1C13 /* Products */ = {
			isa = PBXGroup;
			children = (
				BC539AAF1CB60EAC007B1C13 /* SwiftBasicUI.app */,
				BC539AC31CB60EAC007B1C13 /* SwiftBasicUITests.xctest */,
			);
			name = Products;
			sourceTree = "<group>";
		};
		BC539AB11CB60EAC007B1C13 /* SwiftBasicUI */ = {
			isa = PBXGroup;
			children = (
				BC6955F31CBCFA46001C31F5 /* Images */,
				BC539AB21CB60EAC007B1C13 /* AppDelegate.swift */,
				BC539AB41CB60EAC007B1C13 /* ViewController.swift */,
				BC191EC41CBD4B9000DE2D1E /* RatingControl.swift */,
				BC539AB61CB60EAC007B1C13 /* Main.storyboard */,
				BC539AB91CB60EAC007B1C13 /* Assets.xcassets */,
				BC539ABB1CB60EAC007B1C13 /* LaunchScreen.storyboard */,
				BC539ABE1CB60EAC007B1C13 /* Info.plist */,
			);
			path = SwiftBasicUI;
			sourceTree = "<group>";
		};
		BC539AC61CB60EAC007B1C13 /* SwiftBasicUITests */ = {
			isa = PBXGroup;
			children = (
				BC539AC71CB60EAC007B1C13 /* SwiftBasicUITests.swift */,
				BC539AC91CB60EAC007B1C13 /* Info.plist */,
			);
			path = SwiftBasicUITests;
			sourceTree = "<group>";
		};
		BC6955F31CBCFA46001C31F5 /* Images */ = {
			isa = PBXGroup;
			children = (
				BC6955F41CBCFA46001C31F5 /* defaultPhoto-temp.png */,
				BC6955F51CBCFA46001C31F5 /* meal1.png */,
			);
			path = Images;
			sourceTree = "<group>";
		};
/* End PBXGroup section */

/* Begin PBXNativeTarget section */
		BC539AAE1CB60EAC007B1C13 /* SwiftBasicUI */ = {
			isa = PBXNativeTarget;
			buildConfigurationList = BC539ACC1CB60EAC007B1C13 /* Build configuration list for PBXNativeTarget "SwiftBasicUI" */;
			buildPhases = (
				BC539AAB1CB60EAC007B1C13 /* Sources */,
				BC539AAC1CB60EAC007B1C13 /* Frameworks */,
				BC539AAD1CB60EAC007B1C13 /* Resources */,
			);
			buildRules = (
			);
			dependencies = (
			);
			name = SwiftBasicUI;
			productName = SwiftBasicUI;
			productReference = BC539AAF1CB60EAC007B1C13 /* SwiftBasicUI.app */;
			productType = "com.apple.product-type.application";
		};
		BC539AC21CB60EAC007B1C13 /* SwiftBasicUITests */ = {
			isa = PBXNativeTarget;
			buildConfigurationList = BC539ACF1CB60EAC007B1C13 /* Build configuration list for PBXNativeTarget "SwiftBasicUITests" */;
			buildPhases = (
				BC539ABF1CB60EAC007B1C13 /* Sources */,
				BC539AC01CB60EAC007B1C13 /* Frameworks */,
				BC539AC11CB60EAC007B1C13 /* Resources */,
			);
			buildRules = (
			);
			dependencies = (
				BC539AC51CB60EAC007B1C13 /* PBXTargetDependency */,
			);
			name = SwiftBasicUITests;
			productName = SwiftBasicUITests;
			productReference = BC539AC31CB60EAC007B1C13 /* SwiftBasicUITests.xctest */;
			productType = "com.apple.product-type.bundle.unit-test";
		};
/* End PBXNativeTarget section */

/* Begin PBXProject section */
		BC539AA71CB60EAC007B1C13 /* Project object */ = {
			isa = PBXProject;
			attributes = {
				LastSwiftUpdateCheck = 0720;
				LastUpgradeCheck = 0720;
				ORGANIZATIONNAME = guo;
				TargetAttributes = {
					BC539AAE1CB60EAC007B1C13 = {
						CreatedOnToolsVersion = 7.2;
					};
					BC539AC21CB60EAC007B1C13 = {
						CreatedOnToolsVersion = 7.2;
						TestTargetID = BC539AAE1CB60EAC007B1C13;
					};
				};
			};
			buildConfigurationList = BC539AAA1CB60EAC007B1C13 /* Build configuration list for PBXProject "SwiftBasicUI" */;
			compatibilityVersion = "Xcode 3.2";
			developmentRegion = English;
			hasScannedForEncodings = 0;
			knownRegions = (
				en,
				Base,
			);
			mainGroup = BC539AA61CB60EAC007B1C13;
			productRefGroup = BC539AB01CB60EAC007B1C13 /* Products */;
			projectDirPath = "";
			projectRoot = "";
			targets = (
				BC539AAE1CB60EAC007B1C13 /* SwiftBasicUI */,
				BC539AC21CB60EAC007B1C13 /* SwiftBasicUITests */,
			);
		};
/* End PBXProject section */

/* Begin PBXResourcesBuildPhase section */
		BC539AAD1CB60EAC007B1C13 /* Resources */ = {
			isa = PBXResourcesBuildPhase;
			buildActionMask = 2147483647;
			files = (
				BC539ABD1CB60EAC007B1C13 /* LaunchScreen.storyboard in Resources */,
				BC6955F71CBCFA46001C31F5 /* meal1.png in Resources */,
				BC539ABA1CB60EAC007B1C13 /* Assets.xcassets in Resources */,
				BC6955F61CBCFA46001C31F5 /* defaultPhoto-temp.png in Resources */,
				BC539AB81CB60EAC007B1C13 /* Main.storyboard in Resources */,
			);
			runOnlyForDeploymentPostprocessing = 0;
		};
		BC539AC11CB60EAC007B1C13 /* Resources */ = {
			isa = PBXResourcesBuildPhase;
			buildActionMask = 2147483647;
			files = (
			);
			runOnlyForDeploymentPostprocessing = 0;
		};
/* End PBXResourcesBuildPhase section */

/* Begin PBXSourcesBuildPhase section */
		BC539AAB1CB60EAC007B1C13 /* Sources */ = {
			isa = PBXSourcesBuildPhase;
			buildActionMask = 2147483647;
			files = (
				BC539AB51CB60EAC007B1C13 /* ViewController.swift in Sources */,
				BC191EC51CBD4B9000DE2D1E /* RatingControl.swift in Sources */,
				BC539AB31CB60EAC007B1C13 /* AppDelegate.swift in Sources */,
			);
			runOnlyForDeploymentPostprocessing = 0;
		};
		BC539ABF1CB60EAC007B1C13 /* Sources */ = {
			isa = PBXSourcesBuildPhase;
			buildActionMask = 2147483647;
			files = (
				BC539AC81CB60EAC007B1C13 /* SwiftBasicUITests.swift in Sources */,
			);
			runOnlyForDeploymentPostprocessing = 0;
		};
/* End PBXSourcesBuildPhase section */

/* Begin PBXTargetDependency section */
		BC539AC51CB60EAC007B1C13 /* PBXTargetDependency */ = {
			isa = PBXTargetDependency;
			target = BC539AAE1CB60EAC007B1C13 /* SwiftBasicUI */;
			targetProxy = BC539AC41CB60EAC007B1C13 /* PBXContainerItemProxy */;
		};
/* End PBXTargetDependency section */

/* Begin PBXVariantGroup section */
		BC539AB61CB60EAC007B1C13 /* Main.storyboard */ = {
			isa = PBXVariantGroup;
			children = (
				BC539AB71CB60EAC007B1C13 /* Base */,
			);
			name = Main.storyboard;
			sourceTree = "<group>";
		};
		BC539ABB1CB60EAC007B1C13 /* LaunchScreen.storyboard */ = {
			isa = PBXVariantGroup;
			children = (
				BC539ABC1CB60EAC007B1C13 /* Base */,
			);
			name = LaunchScreen.storyboard;
			sourceTree = "<group>";
		};
/* End PBXVariantGroup section */

/* Begin XCBuildConfiguration section */
		BC539ACA1CB60EAC007B1C13 /* Debug */ = {
			isa = XCBuildConfiguration;
			buildSettings = {
				ALWAYS_SEARCH_USER_PATHS = NO;
				CLANG_CXX_LANGUAGE_STANDARD = "gnu++0x";
				CLANG_CXX_LIBRARY = "libc++";
				CLANG_ENABLE_MODULES = YES;
				CLANG_ENABLE_OBJC_ARC = YES;
				CLANG_WARN_BOOL_CONVERSION = YES;
				CLANG_WARN_CONSTANT_CONVERSION = YES;
				CLANG_WARN_DIRECT_OBJC_ISA_USAGE = YES_ERROR;
				CLANG_WARN_EMPTY_BODY = YES;
				CLANG_WARN_ENUM_CONVERSION = YES;
				CLANG_WARN_INT_CONVERSION = YES;
				CLANG_WARN_OBJC_ROOT_CLASS = YES_ERROR;
				CLANG_WARN_UNREACHABLE_CODE = YES;
				CLANG_WARN__DUPLICATE_METHOD_MATCH = YES;
				"CODE_SIGN_IDENTITY[sdk=iphoneos*]" = "iPhone Developer";
				COPY_PHASE_STRIP = NO;
				DEBUG_INFORMATION_FORMAT = dwarf;
				ENABLE_STRICT_OBJC_MSGSEND = YES;
				ENABLE_TESTABILITY = YES;
				GCC_C_LANGUAGE_STANDARD = gnu99;
				GCC_DYNAMIC_NO_PIC = NO;
				GCC_NO_COMMON_BLOCKS = YES;
				GCC_OPTIMIZATION_LEVEL = 0;
				GCC_PREPROCESSOR_DEFINITIONS = (
					"DEBUG=1",
					"$(inherited)",
				);
				GCC_WARN_64_TO_32_BIT_CONVERSION = YES;
				GCC_WARN_ABOUT_RETURN_TYPE = YES_ERROR;
				GCC_WARN_UNDECLARED_SELECTOR = YES;
				GCC_WARN_UNINITIALIZED_AUTOS = YES_AGGRESSIVE;
				GCC_WARN_UNUSED_FUNCTION = YES;
				GCC_WARN_UNUSED_VARIABLE = YES;
				IPHONEOS_DEPLOYMENT_TARGET = 9.2;
				MTL_ENABLE_DEBUG_INFO = YES;
				ONLY_ACTIVE_ARCH = YES;
				SDKROOT = iphoneos;
				SWIFT_OPTIMIZATION_LEVEL = "-Onone";
				TARGETED_DEVICE_FAMILY = "1,2";
			};
			name = Debug;
		};
		BC539ACB1CB60EAC007B1C13 /* Release */ = {
			isa = XCBuildConfiguration;
			buildSettings = {
				ALWAYS_SEARCH_USER_PATHS = NO;
				CLANG_CXX_LANGUAGE_STANDARD = "gnu++0x";
				CLANG_CXX_LIBRARY = "libc++";
				CLANG_ENABLE_MODULES = YES;
				CLANG_ENABLE_OBJC_ARC = YES;
				CLANG_WARN_BOOL_CONVERSION = YES;
				CLANG_WARN_CONSTANT_CONVERSION = YES;
				CLANG_WARN_DIRECT_OBJC_ISA_USAGE = YES_ERROR;
				CLANG_WARN_EMPTY_BODY = YES;
				CLANG_WARN_ENUM_CONVERSION = YES;
				CLANG_WARN_INT_CONVERSION = YES;
				CLANG_WARN_OBJC_ROOT_CLASS = YES_ERROR;
				CLANG_WARN_UNREACHABLE_CODE = YES;
				CLANG_WARN__DUPLICATE_METHOD_MATCH = YES;
				"CODE_SIGN_IDENTITY[sdk=iphoneos*]" = "iPhone Developer";
				COPY_PHASE_STRIP = NO;
				DEBUG_INFORMATION_FORMAT = "dwarf-with-dsym";
				ENABLE_NS_ASSERTIONS = NO;
				ENABLE_STRICT_OBJC_MSGSEND = YES;
				GCC_C_LANGUAGE_STANDARD = gnu99;
				GCC_NO_COMMON_BLOCKS = YES;
				GCC_WARN_64_TO_32_BIT_CONVERSION = YES;
				GCC_WARN_ABOUT_RETURN_TYPE = YES_ERROR;
				GCC_WARN_UNDECLARED_SELECTOR = YES;
				GCC_WARN_UNINITIALIZED_AUTOS = YES_AGGRESSIVE;
				GCC_WARN_UNUSED_FUNCTION = YES;
				GCC_WARN_UNUSED_VARIABLE = YES;
				IPHONEOS_DEPLOYMENT_TARGET = 9.2;
				MTL_ENABLE_DEBUG_INFO = NO;
				SDKROOT = iphoneos;
				TARGETED_DEVICE_FAMILY = "1,2";
				VALIDATE_PRODUCT = YES;
			};
			name = Release;
		};
		BC539ACD1CB60EAC007B1C13 /* Debug */ = {
			isa = XCBuildConfiguration;
			buildSettings = {
				ASSETCATALOG_COMPILER_APPICON_NAME = AppIcon;
				INFOPLIST_FILE = SwiftBasicUI/Info.plist;
				IPHONEOS_DEPLOYMENT_TARGET = 9.0;
				LD_RUNPATH_SEARCH_PATHS = "$(inherited) @executable_path/Frameworks";
				PRODUCT_BUNDLE_IDENTIFIER = shiguang.SwiftBasicUI;
				PRODUCT_NAME = "$(TARGET_NAME)";
			};
			name = Debug;
		};
		BC539ACE1CB60EAC007B1C13 /* Release */ = {
			isa = XCBuildConfiguration;
			buildSettings = {
				ASSETCATALOG_COMPILER_APPICON_NAME = AppIcon;
				INFOPLIST_FILE = SwiftBasicUI/Info.plist;
				IPHONEOS_DEPLOYMENT_TARGET = 9.0;
				LD_RUNPATH_SEARCH_PATHS = "$(inherited) @executable_path/Frameworks";
				PRODUCT_BUNDLE_IDENTIFIER = shiguang.SwiftBasicUI;
				PRODUCT_NAME = "$(TARGET_NAME)";
			};
			name = Release;
		};
		BC539AD01CB60EAC007B1C13 /* Debug */ = {
			isa = XCBuildConfiguration;
			buildSettings = {
				BUNDLE_LOADER = "$(TEST_HOST)";
				INFOPLIST_FILE = SwiftBasicUITests/Info.plist;
				LD_RUNPATH_SEARCH_PATHS = "$(inherited) @executable_path/Frameworks @loader_path/Frameworks";
				PRODUCT_BUNDLE_IDENTIFIER = shiguang.SwiftBasicUITests;
				PRODUCT_NAME = "$(TARGET_NAME)";
				TEST_HOST = "$(BUILT_PRODUCTS_DIR)/SwiftBasicUI.app/SwiftBasicUI";
			};
			name = Debug;
		};
		BC539AD11CB60EAC007B1C13 /* Release */ = {
			isa = XCBuildConfiguration;
			buildSettings = {
				BUNDLE_LOADER = "$(TEST_HOST)";
				INFOPLIST_FILE = SwiftBasicUITests/Info.plist;
				LD_RUNPATH_SEARCH_PATHS = "$(inherited) @executable_path/Frameworks @loader_path/Frameworks";
				PRODUCT_BUNDLE_IDENTIFIER = shiguang.SwiftBasicUITests;
				PRODUCT_NAME = "$(TARGET_NAME)";
				TEST_HOST = "$(BUILT_PRODUCTS_DIR)/SwiftBasicUI.app/SwiftBasicUI";
			};
			name = Release;
		};
/* End XCBuildConfiguration section */

/* Begin XCConfigurationList section */
		BC539AAA1CB60EAC007B1C13 /* Build configuration list for PBXProject "SwiftBasicUI" */ = {
			isa = XCConfigurationList;
			buildConfigurations = (
				BC539ACA1CB60EAC007B1C13 /* Debug */,
				BC539ACB1CB60EAC007B1C13 /* Release */,
			);
			defaultConfigurationIsVisible = 0;
			defaultConfigurationName = Release;
		};
		BC539ACC1CB60EAC007B1C13 /* Build configuration list for PBXNativeTarget "SwiftBasicUI" */ = {
			isa = XCConfigurationList;
			buildConfigurations = (
				BC539ACD1CB60EAC007B1C13 /* Debug */,
				BC539ACE1CB60EAC007B1C13 /* Release */,
			);
			defaultConfigurationIsVisible = 0;
			defaultConfigurationName = Release;
		};
		BC539ACF1CB60EAC007B1C13 /* Build configuration list for PBXNativeTarget "SwiftBasicUITests" */ = {
			isa = XCConfigurationList;
			buildConfigurations = (
				BC539AD01CB60EAC007B1C13 /* Debug */,
				BC539AD11CB60EAC007B1C13 /* Release */,
			);
			defaultConfigurationIsVisible = 0;
			defaultConfigurationName = Release;
		};
/* End XCConfigurationList section */
	};
	rootObject = BC539AA71CB60EAC007B1C13 /* Project object */;
}
